# Exact dependency versions used to produce the results in
# "Robust Gradient-Free Circle Estimation for Motion-Blurred Clinical Video"
# (CIBICA), submitted to The Visual Computer.
#
# Python 3.9.23 on macOS arm64 (Apple M4 Max). Reproduce with uv:
#     uv venv --python 3.9.23
#     uv pip install -e . -r requirements.lock
#     uv run python scripts/run_experiment.py
#
# See pyproject.toml for the loose, forward-compatible dependency ranges.
matplotlib==3.9.4
numpy==2.0.2
opencv-python==4.13.0.92
pandas==2.3.3
scipy==1.13.1
